
Microsoft Visual Studio Solution File, Format Version 12.00
# Visual Studio Version 16
VisualStudioVersion = 16.0.29409.12
MinimumVisualStudioVersion = 10.0.40219.1
Project("{FAE04EC0-301F-11D3-BF4B-00C04F79EFBC}") = "lommeregner", "lommeregner\lommeregner.csproj", "{959688AB-473A-490A-A4FE-6086293FF7F1}"
EndProject
Global
	GlobalSection(SolutionConfigurationPlatforms) = preSolution
		Debug|Any CPU = Debug|Any CPU
		Release|Any CPU = Release|Any CPU
	EndGlobalSection
	GlobalSection(ProjectConfigurationPlatforms) = postSolution
		{959688AB-473A-490A-A4FE-6086293FF7F1}.Debug|Any CPU.ActiveCfg = Debug|Any CPU
		{959688AB-473A-490A-A4FE-6086293FF7F1}.Debug|Any CPU.Build.0 = Debug|Any CPU
		{959688AB-473A-490A-A4FE-6086293FF7F1}.Release|Any CPU.ActiveCfg = Release|Any CPU
		{959688AB-473A-490A-A4FE-6086293FF7F1}.Release|Any CPU.Build.0 = Release|Any CPU
	EndGlobalSection
	GlobalSection(SolutionProperties) = preSolution
		HideSolutionNode = FALSE
	EndGlobalSection
	GlobalSection(ExtensibilityGlobals) = postSolution
		SolutionGuid = {055DE9F9-0336-474A-B8CC-4D8423BF411C}
	EndGlobalSection
EndGlobal
